
Microsoft Visual Studio Solution File, Format Version 12.00
# Visual Studio 2013
VisualStudioVersion = 12.0.31101.0
MinimumVisualStudioVersion = 10.0.40219.1
Project("{00D1A9C2-B5F0-4AF3-8072-F6C62B433612}") = "TelephoneServiceDatabase", "TelephoneServiceDatabase\TelephoneServiceDatabase.sqlproj", "{24B82B35-41A7-406A-8D47-583729E4B40E}"
EndProject
Project("{FAE04EC0-301F-11D3-BF4B-00C04F79EFBC}") = "TelephoneServiceDesktop", "TelephoneServiceDesktop\TelephoneServiceDesktop.csproj", "{D1DE8B55-422A-419C-8CD0-9EE5E062C64D}"
EndProject
Global
	GlobalSection(SolutionConfigurationPlatforms) = preSolution
		Debug|Any CPU = Debug|Any CPU
		Release|Any CPU = Release|Any CPU
	EndGlobalSection
	GlobalSection(ProjectConfigurationPlatforms) = postSolution
		{24B82B35-41A7-406A-8D47-583729E4B40E}.Debug|Any CPU.ActiveCfg = Debug|Any CPU
		{24B82B35-41A7-406A-8D47-583729E4B40E}.Debug|Any CPU.Build.0 = Debug|Any CPU
		{24B82B35-41A7-406A-8D47-583729E4B40E}.Debug|Any CPU.Deploy.0 = Debug|Any CPU
		{24B82B35-41A7-406A-8D47-583729E4B40E}.Release|Any CPU.ActiveCfg = Release|Any CPU
		{24B82B35-41A7-406A-8D47-583729E4B40E}.Release|Any CPU.Build.0 = Release|Any CPU
		{24B82B35-41A7-406A-8D47-583729E4B40E}.Release|Any CPU.Deploy.0 = Release|Any CPU
		{D1DE8B55-422A-419C-8CD0-9EE5E062C64D}.Debug|Any CPU.ActiveCfg = Debug|Any CPU
		{D1DE8B55-422A-419C-8CD0-9EE5E062C64D}.Debug|Any CPU.Build.0 = Debug|Any CPU
		{D1DE8B55-422A-419C-8CD0-9EE5E062C64D}.Release|Any CPU.ActiveCfg = Release|Any CPU
		{D1DE8B55-422A-419C-8CD0-9EE5E062C64D}.Release|Any CPU.Build.0 = Release|Any CPU
	EndGlobalSection
	GlobalSection(SolutionProperties) = preSolution
		HideSolutionNode = FALSE
	EndGlobalSection
EndGlobal
